
Microsoft Visual Studio Solution File, Format Version 12.00
# Visual Studio Version 17
VisualStudioVersion = 17.4.33213.308
MinimumVisualStudioVersion = 10.0.40219.1
Project("{FAE04EC0-301F-11D3-BF4B-00C04F79EFBC}") = "PriorityQueue", "PriorityQueue\PriorityQueue.csproj", "{D4257C6C-5709-4A30-B799-92717DC24A16}"
EndProject
Global
	GlobalSection(SolutionConfigurationPlatforms) = preSolution
		Debug|Any CPU = Debug|Any CPU
		Release|Any CPU = Release|Any CPU
	EndGlobalSection
	GlobalSection(ProjectConfigurationPlatforms) = postSolution
		{D4257C6C-5709-4A30-B799-92717DC24A16}.Debug|Any CPU.ActiveCfg = Debug|Any CPU
		{D4257C6C-5709-4A30-B799-92717DC24A16}.Debug|Any CPU.Build.0 = Debug|Any CPU
		{D4257C6C-5709-4A30-B799-92717DC24A16}.Release|Any CPU.ActiveCfg = Release|Any CPU
		{D4257C6C-5709-4A30-B799-92717DC24A16}.Release|Any CPU.Build.0 = Release|Any CPU
	EndGlobalSection
	GlobalSection(SolutionProperties) = preSolution
		HideSolutionNode = FALSE
	EndGlobalSection
	GlobalSection(ExtensibilityGlobals) = postSolution
		SolutionGuid = {6369AD2C-34B5-4028-A103-B39E583928CB}
	EndGlobalSection
EndGlobal
